
Microsoft Visual Studio Solution File, Format Version 12.00
# Visual Studio 15
VisualStudioVersion = 15.0.28307.489
MinimumVisualStudioVersion = 10.0.40219.1
Project("{F184B08F-C81C-45F6-A57F-5ABD9991F28F}") = "HWLMainApplication", "HWL2-Applikation\HWLMainApplication.vbproj", "{ABD21C0E-CF09-4D46-92F9-DB2610F085DA}"
	ProjectSection(ProjectDependencies) = postProject
		{CD3B3559-8D1D-4FEA-B5D1-417CC4AC64B8} = {CD3B3559-8D1D-4FEA-B5D1-417CC4AC64B8}
	EndProjectSection
EndProject
Project("{F184B08F-C81C-45F6-A57F-5ABD9991F28F}") = "CoreTests", "CoreTests_new\CoreTests.vbproj", "{4BA87692-392A-41ED-85FC-C229B1251DD6}"
EndProject
Project("{FAE04EC0-301F-11D3-BF4B-00C04F79EFBC}") = "Vista Api", "Vista Api\Vista Api.csproj", "{9EC6098C-09C6-4623-819B-08835D183038}"
EndProject
Project("{F184B08F-C81C-45F6-A57F-5ABD9991F28F}") = "SendErrorMessage", "SendErrorMessage\SendErrorMessage.vbproj", "{256CA5A6-D331-4BED-BF22-FA124F98A9DC}"
EndProject
Project("{F184B08F-C81C-45F6-A57F-5ABD9991F28F}") = "HWL2Kernel", "HWL-Kernel\HWL2Kernel.vbproj", "{D3FE2F32-80F6-4229-8025-F25DE3103662}"
EndProject
Project("{F184B08F-C81C-45F6-A57F-5ABD9991F28F}") = "HWLInterops", "HWLInterops\HWLInterops.vbproj", "{6C06774B-5D7F-4775-9115-342EBC560385}"
EndProject
Project("{2150E333-8FDC-42A3-9474-1A3956D46DE8}") = "Solution Items", "Solution Items", "{7C5351BB-5E45-4D5B-BCAF-3F9DB100F860}"
	ProjectSection(SolutionItems) = preProject
		build.proj = build.proj
		changelog.txt = changelog.txt
		CommonAssemblyInfo.vb = CommonAssemblyInfo.vb
		HWL2-Setup.iss = HWL2-Setup.iss
		HWL2-Update.iss = HWL2-Update.iss
	EndProjectSection
EndProject
Project("{F184B08F-C81C-45F6-A57F-5ABD9991F28F}") = "CommonImport", "Projekte\CommonImport\CommonImport\CommonImport.vbproj", "{CD3B3559-8D1D-4FEA-B5D1-417CC4AC64B8}"
EndProject
Project("{F184B08F-C81C-45F6-A57F-5ABD9991F28F}") = "Datanorm", "Projekte\Datanorm\Datanorm.vbproj", "{705A71EF-A613-4F3F-AFCF-0925E36BF327}"
EndProject
Global
	GlobalSection(SolutionConfigurationPlatforms) = preSolution
		Debug|Any CPU = Debug|Any CPU
		Debug|Mixed Platforms = Debug|Mixed Platforms
		Debug|x64 = Debug|x64
		Debug|x86 = Debug|x86
		Demo|Any CPU = Demo|Any CPU
		Demo|Mixed Platforms = Demo|Mixed Platforms
		Demo|x64 = Demo|x64
		Demo|x86 = Demo|x86
		Release|Any CPU = Release|Any CPU
		Release|Mixed Platforms = Release|Mixed Platforms
		Release|x64 = Release|x64
		Release|x86 = Release|x86
	EndGlobalSection
	GlobalSection(ProjectConfigurationPlatforms) = postSolution
		{ABD21C0E-CF09-4D46-92F9-DB2610F085DA}.Debug|Any CPU.ActiveCfg = Debug|Any CPU
		{ABD21C0E-CF09-4D46-92F9-DB2610F085DA}.Debug|Any CPU.Build.0 = Debug|Any CPU
		{ABD21C0E-CF09-4D46-92F9-DB2610F085DA}.Debug|Mixed Platforms.ActiveCfg = Debug|x86
		{ABD21C0E-CF09-4D46-92F9-DB2610F085DA}.Debug|Mixed Platforms.Build.0 = Debug|x86
		{ABD21C0E-CF09-4D46-92F9-DB2610F085DA}.Debug|x64.ActiveCfg = Debug|x86
		{ABD21C0E-CF09-4D46-92F9-DB2610F085DA}.Debug|x86.ActiveCfg = Debug|x86
		{ABD21C0E-CF09-4D46-92F9-DB2610F085DA}.Debug|x86.Build.0 = Debug|x86
		{ABD21C0E-CF09-4D46-92F9-DB2610F085DA}.Demo|Any CPU.ActiveCfg = Debug|x86
		{ABD21C0E-CF09-4D46-92F9-DB2610F085DA}.Demo|Mixed Platforms.ActiveCfg = Debug|x86
		{ABD21C0E-CF09-4D46-92F9-DB2610F085DA}.Demo|Mixed Platforms.Build.0 = Debug|x86
		{ABD21C0E-CF09-4D46-92F9-DB2610F085DA}.Demo|x64.ActiveCfg = Debug|x86
		{ABD21C0E-CF09-4D46-92F9-DB2610F085DA}.Demo|x86.ActiveCfg = Debug|x86
		{ABD21C0E-CF09-4D46-92F9-DB2610F085DA}.Demo|x86.Build.0 = Debug|x86
		{ABD21C0E-CF09-4D46-92F9-DB2610F085DA}.Release|Any CPU.ActiveCfg = Release|Any CPU
		{ABD21C0E-CF09-4D46-92F9-DB2610F085DA}.Release|Any CPU.Build.0 = Release|Any CPU
		{ABD21C0E-CF09-4D46-92F9-DB2610F085DA}.Release|Mixed Platforms.ActiveCfg = Release|x86
		{ABD21C0E-CF09-4D46-92F9-DB2610F085DA}.Release|Mixed Platforms.Build.0 = Release|x86
		{ABD21C0E-CF09-4D46-92F9-DB2610F085DA}.Release|x64.ActiveCfg = Release|x86
		{ABD21C0E-CF09-4D46-92F9-DB2610F085DA}.Release|x86.ActiveCfg = Release|x86
		{ABD21C0E-CF09-4D46-92F9-DB2610F085DA}.Release|x86.Build.0 = Release|x86
		{4BA87692-392A-41ED-85FC-C229B1251DD6}.Debug|Any CPU.ActiveCfg = Debug|Any CPU
		{4BA87692-392A-41ED-85FC-C229B1251DD6}.Debug|Any CPU.Build.0 = Debug|Any CPU
		{4BA87692-392A-41ED-85FC-C229B1251DD6}.Debug|Mixed Platforms.ActiveCfg = Debug|x86
		{4BA87692-392A-41ED-85FC-C229B1251DD6}.Debug|Mixed Platforms.Build.0 = Debug|x86
		{4BA87692-392A-41ED-85FC-C229B1251DD6}.Debug|x64.ActiveCfg = Debug|x86
		{4BA87692-392A-41ED-85FC-C229B1251DD6}.Debug|x86.ActiveCfg = Debug|x86
		{4BA87692-392A-41ED-85FC-C229B1251DD6}.Debug|x86.Build.0 = Debug|x86
		{4BA87692-392A-41ED-85FC-C229B1251DD6}.Demo|Any CPU.ActiveCfg = Debug|x86
		{4BA87692-392A-41ED-85FC-C229B1251DD6}.Demo|Mixed Platforms.ActiveCfg = Debug|x86
		{4BA87692-392A-41ED-85FC-C229B1251DD6}.Demo|Mixed Platforms.Build.0 = Debug|x86
		{4BA87692-392A-41ED-85FC-C229B1251DD6}.Demo|x64.ActiveCfg = Debug|x86
		{4BA87692-392A-41ED-85FC-C229B1251DD6}.Demo|x86.ActiveCfg = Debug|x86
		{4BA87692-392A-41ED-85FC-C229B1251DD6}.Demo|x86.Build.0 = Debug|x86
		{4BA87692-392A-41ED-85FC-C229B1251DD6}.Release|Any CPU.ActiveCfg = Release|Any CPU
		{4BA87692-392A-41ED-85FC-C229B1251DD6}.Release|Any CPU.Build.0 = Release|Any CPU
		{4BA87692-392A-41ED-85FC-C229B1251DD6}.Release|Mixed Platforms.ActiveCfg = Release|x86
		{4BA87692-392A-41ED-85FC-C229B1251DD6}.Release|Mixed Platforms.Build.0 = Release|x86
		{4BA87692-392A-41ED-85FC-C229B1251DD6}.Release|x64.ActiveCfg = Release|x86
		{4BA87692-392A-41ED-85FC-C229B1251DD6}.Release|x86.ActiveCfg = Release|x86
		{4BA87692-392A-41ED-85FC-C229B1251DD6}.Release|x86.Build.0 = Release|x86
		{9EC6098C-09C6-4623-819B-08835D183038}.Debug|Any CPU.ActiveCfg = Debug|Any CPU
		{9EC6098C-09C6-4623-819B-08835D183038}.Debug|Any CPU.Build.0 = Debug|Any CPU
		{9EC6098C-09C6-4623-819B-08835D183038}.Debug|Mixed Platforms.ActiveCfg = Debug|x86
		{9EC6098C-09C6-4623-819B-08835D183038}.Debug|Mixed Platforms.Build.0 = Debug|x86
		{9EC6098C-09C6-4623-819B-08835D183038}.Debug|x64.ActiveCfg = Debug|x64
		{9EC6098C-09C6-4623-819B-08835D183038}.Debug|x64.Build.0 = Debug|x64
		{9EC6098C-09C6-4623-819B-08835D183038}.Debug|x86.ActiveCfg = Debug|x86
		{9EC6098C-09C6-4623-819B-08835D183038}.Debug|x86.Build.0 = Debug|x86
		{9EC6098C-09C6-4623-819B-08835D183038}.Demo|Any CPU.ActiveCfg = Debug|x86
		{9EC6098C-09C6-4623-819B-08835D183038}.Demo|Mixed Platforms.ActiveCfg = Debug|x86
		{9EC6098C-09C6-4623-819B-08835D183038}.Demo|Mixed Platforms.Build.0 = Debug|x86
		{9EC6098C-09C6-4623-819B-08835D183038}.Demo|x64.ActiveCfg = Debug|x86
		{9EC6098C-09C6-4623-819B-08835D183038}.Demo|x86.ActiveCfg = Debug|x86
		{9EC6098C-09C6-4623-819B-08835D183038}.Demo|x86.Build.0 = Debug|x86
		{9EC6098C-09C6-4623-819B-08835D183038}.Release|Any CPU.ActiveCfg = Release|Any CPU
		{9EC6098C-09C6-4623-819B-08835D183038}.Release|Any CPU.Build.0 = Release|Any CPU
		{9EC6098C-09C6-4623-819B-08835D183038}.Release|Mixed Platforms.ActiveCfg = Release|x86
		{9EC6098C-09C6-4623-819B-08835D183038}.Release|Mixed Platforms.Build.0 = Release|x86
		{9EC6098C-09C6-4623-819B-08835D183038}.Release|x64.ActiveCfg = Release|x64
		{9EC6098C-09C6-4623-819B-08835D183038}.Release|x64.Build.0 = Release|x64
		{9EC6098C-09C6-4623-819B-08835D183038}.Release|x86.ActiveCfg = Release|x86
		{9EC6098C-09C6-4623-819B-08835D183038}.Release|x86.Build.0 = Release|x86
		{256CA5A6-D331-4BED-BF22-FA124F98A9DC}.Debug|Any CPU.ActiveCfg = Debug|Any CPU
		{256CA5A6-D331-4BED-BF22-FA124F98A9DC}.Debug|Any CPU.Build.0 = Debug|Any CPU
		{256CA5A6-D331-4BED-BF22-FA124F98A9DC}.Debug|Mixed Platforms.ActiveCfg = Debug|x86
		{256CA5A6-D331-4BED-BF22-FA124F98A9DC}.Debug|Mixed Platforms.Build.0 = Debug|x86
		{256CA5A6-D331-4BED-BF22-FA124F98A9DC}.Debug|x64.ActiveCfg = Debug|Any CPU
		{256CA5A6-D331-4BED-BF22-FA124F98A9DC}.Debug|x86.ActiveCfg = Debug|x86
		{256CA5A6-D331-4BED-BF22-FA124F98A9DC}.Debug|x86.Build.0 = Debug|x86
		{256CA5A6-D331-4BED-BF22-FA124F98A9DC}.Demo|Any CPU.ActiveCfg = Debug|x86
		{256CA5A6-D331-4BED-BF22-FA124F98A9DC}.Demo|Mixed Platforms.ActiveCfg = Debug|x86
		{256CA5A6-D331-4BED-BF22-FA124F98A9DC}.Demo|Mixed Platforms.Build.0 = Debug|x86
		{256CA5A6-D331-4BED-BF22-FA124F98A9DC}.Demo|x64.ActiveCfg = Debug|x86
		{256CA5A6-D331-4BED-BF22-FA124F98A9DC}.Demo|x86.ActiveCfg = Debug|x86
		{256CA5A6-D331-4BED-BF22-FA124F98A9DC}.Demo|x86.Build.0 = Debug|x86
		{256CA5A6-D331-4BED-BF22-FA124F98A9DC}.Release|Any CPU.ActiveCfg = Release|Any CPU
		{256CA5A6-D331-4BED-BF22-FA124F98A9DC}.Release|Any CPU.Build.0 = Release|Any CPU
		{256CA5A6-D331-4BED-BF22-FA124F98A9DC}.Release|Mixed Platforms.ActiveCfg = Release|x86
		{256CA5A6-D331-4BED-BF22-FA124F98A9DC}.Release|Mixed Platforms.Build.0 = Release|x86
		{256CA5A6-D331-4BED-BF22-FA124F98A9DC}.Release|x64.ActiveCfg = Release|Any CPU
		{256CA5A6-D331-4BED-BF22-FA124F98A9DC}.Release|x86.ActiveCfg = Release|x86
		{256CA5A6-D331-4BED-BF22-FA124F98A9DC}.Release|x86.Build.0 = Release|x86
		{D3FE2F32-80F6-4229-8025-F25DE3103662}.Debug|Any CPU.ActiveCfg = Debug|Any CPU
		{D3FE2F32-80F6-4229-8025-F25DE3103662}.Debug|Any CPU.Build.0 = Debug|Any CPU
		{D3FE2F32-80F6-4229-8025-F25DE3103662}.Debug|Mixed Platforms.ActiveCfg = Debug|x86
		{D3FE2F32-80F6-4229-8025-F25DE3103662}.Debug|Mixed Platforms.Build.0 = Debug|x86
		{D3FE2F32-80F6-4229-8025-F25DE3103662}.Debug|x64.ActiveCfg = Debug|x86
		{D3FE2F32-80F6-4229-8025-F25DE3103662}.Debug|x86.ActiveCfg = Debug|x86
		{D3FE2F32-80F6-4229-8025-F25DE3103662}.Debug|x86.Build.0 = Debug|x86
		{D3FE2F32-80F6-4229-8025-F25DE3103662}.Demo|Any CPU.ActiveCfg = Demo|Any CPU
		{D3FE2F32-80F6-4229-8025-F25DE3103662}.Demo|Any CPU.Build.0 = Demo|Any CPU
		{D3FE2F32-80F6-4229-8025-F25DE3103662}.Demo|Mixed Platforms.ActiveCfg = Demo|x86
		{D3FE2F32-80F6-4229-8025-F25DE3103662}.Demo|Mixed Platforms.Build.0 = Demo|x86
		{D3FE2F32-80F6-4229-8025-F25DE3103662}.Demo|x64.ActiveCfg = Demo|x86
		{D3FE2F32-80F6-4229-8025-F25DE3103662}.Demo|x86.ActiveCfg = Demo|x86
		{D3FE2F32-80F6-4229-8025-F25DE3103662}.Demo|x86.Build.0 = Demo|x86
		{D3FE2F32-80F6-4229-8025-F25DE3103662}.Release|Any CPU.ActiveCfg = Release|Any CPU
		{D3FE2F32-80F6-4229-8025-F25DE3103662}.Release|Any CPU.Build.0 = Release|Any CPU
		{D3FE2F32-80F6-4229-8025-F25DE3103662}.Release|Mixed Platforms.ActiveCfg = Release|x86
		{D3FE2F32-80F6-4229-8025-F25DE3103662}.Release|Mixed Platforms.Build.0 = Release|x86
		{D3FE2F32-80F6-4229-8025-F25DE3103662}.Release|x64.ActiveCfg = Release|x86
		{D3FE2F32-80F6-4229-8025-F25DE3103662}.Release|x86.ActiveCfg = Release|x86
		{D3FE2F32-80F6-4229-8025-F25DE3103662}.Release|x86.Build.0 = Release|x86
		{6C06774B-5D7F-4775-9115-342EBC560385}.Debug|Any CPU.ActiveCfg = Debug|Any CPU
		{6C06774B-5D7F-4775-9115-342EBC560385}.Debug|Any CPU.Build.0 = Debug|Any CPU
		{6C06774B-5D7F-4775-9115-342EBC560385}.Debug|Mixed Platforms.ActiveCfg = Debug|x86
		{6C06774B-5D7F-4775-9115-342EBC560385}.Debug|Mixed Platforms.Build.0 = Debug|x86
		{6C06774B-5D7F-4775-9115-342EBC560385}.Debug|x64.ActiveCfg = Debug|x86
		{6C06774B-5D7F-4775-9115-342EBC560385}.Debug|x86.ActiveCfg = Debug|x86
		{6C06774B-5D7F-4775-9115-342EBC560385}.Debug|x86.Build.0 = Debug|x86
		{6C06774B-5D7F-4775-9115-342EBC560385}.Demo|Any CPU.ActiveCfg = Debug|x86
		{6C06774B-5D7F-4775-9115-342EBC560385}.Demo|Mixed Platforms.ActiveCfg = Debug|x86
		{6C06774B-5D7F-4775-9115-342EBC560385}.Demo|Mixed Platforms.Build.0 = Debug|x86
		{6C06774B-5D7F-4775-9115-342EBC560385}.Demo|x64.ActiveCfg = Debug|x86
		{6C06774B-5D7F-4775-9115-342EBC560385}.Demo|x86.ActiveCfg = Debug|x86
		{6C06774B-5D7F-4775-9115-342EBC560385}.Demo|x86.Build.0 = Debug|x86
		{6C06774B-5D7F-4775-9115-342EBC560385}.Release|Any CPU.ActiveCfg = Release|Any CPU
		{6C06774B-5D7F-4775-9115-342EBC560385}.Release|Any CPU.Build.0 = Release|Any CPU
		{6C06774B-5D7F-4775-9115-342EBC560385}.Release|Mixed Platforms.ActiveCfg = Release|x86
		{6C06774B-5D7F-4775-9115-342EBC560385}.Release|Mixed Platforms.Build.0 = Release|x86
		{6C06774B-5D7F-4775-9115-342EBC560385}.Release|x64.ActiveCfg = Release|x86
		{6C06774B-5D7F-4775-9115-342EBC560385}.Release|x86.ActiveCfg = Release|x86
		{6C06774B-5D7F-4775-9115-342EBC560385}.Release|x86.Build.0 = Release|x86
		{CD3B3559-8D1D-4FEA-B5D1-417CC4AC64B8}.Debug|Any CPU.ActiveCfg = Debug|Any CPU
		{CD3B3559-8D1D-4FEA-B5D1-417CC4AC64B8}.Debug|Any CPU.Build.0 = Debug|Any CPU
		{CD3B3559-8D1D-4FEA-B5D1-417CC4AC64B8}.Debug|Mixed Platforms.ActiveCfg = Debug|x86
		{CD3B3559-8D1D-4FEA-B5D1-417CC4AC64B8}.Debug|Mixed Platforms.Build.0 = Debug|x86
		{CD3B3559-8D1D-4FEA-B5D1-417CC4AC64B8}.Debug|x64.ActiveCfg = Debug|Any CPU
		{CD3B3559-8D1D-4FEA-B5D1-417CC4AC64B8}.Debug|x86.ActiveCfg = Debug|x86
		{CD3B3559-8D1D-4FEA-B5D1-417CC4AC64B8}.Debug|x86.Build.0 = Debug|x86
		{CD3B3559-8D1D-4FEA-B5D1-417CC4AC64B8}.Demo|Any CPU.ActiveCfg = Debug|Any CPU
		{CD3B3559-8D1D-4FEA-B5D1-417CC4AC64B8}.Demo|Any CPU.Build.0 = Debug|Any CPU
		{CD3B3559-8D1D-4FEA-B5D1-417CC4AC64B8}.Demo|Mixed Platforms.ActiveCfg = Debug|x86
		{CD3B3559-8D1D-4FEA-B5D1-417CC4AC64B8}.Demo|Mixed Platforms.Build.0 = Debug|x86
		{CD3B3559-8D1D-4FEA-B5D1-417CC4AC64B8}.Demo|x64.ActiveCfg = Debug|Any CPU
		{CD3B3559-8D1D-4FEA-B5D1-417CC4AC64B8}.Demo|x86.ActiveCfg = Debug|Any CPU
		{CD3B3559-8D1D-4FEA-B5D1-417CC4AC64B8}.Release|Any CPU.ActiveCfg = Release|Any CPU
		{CD3B3559-8D1D-4FEA-B5D1-417CC4AC64B8}.Release|Any CPU.Build.0 = Release|Any CPU
		{CD3B3559-8D1D-4FEA-B5D1-417CC4AC64B8}.Release|Mixed Platforms.ActiveCfg = Release|x86
		{CD3B3559-8D1D-4FEA-B5D1-417CC4AC64B8}.Release|Mixed Platforms.Build.0 = Release|x86
		{CD3B3559-8D1D-4FEA-B5D1-417CC4AC64B8}.Release|x64.ActiveCfg = Release|Any CPU
		{CD3B3559-8D1D-4FEA-B5D1-417CC4AC64B8}.Release|x86.ActiveCfg = Release|x86
		{CD3B3559-8D1D-4FEA-B5D1-417CC4AC64B8}.Release|x86.Build.0 = Release|x86
		{705A71EF-A613-4F3F-AFCF-0925E36BF327}.Debug|Any CPU.ActiveCfg = Debug|Any CPU
		{705A71EF-A613-4F3F-AFCF-0925E36BF327}.Debug|Any CPU.Build.0 = Debug|Any CPU
		{705A71EF-A613-4F3F-AFCF-0925E36BF327}.Debug|Mixed Platforms.ActiveCfg = Debug|x86
		{705A71EF-A613-4F3F-AFCF-0925E36BF327}.Debug|Mixed Platforms.Build.0 = Debug|x86
		{705A71EF-A613-4F3F-AFCF-0925E36BF327}.Debug|x64.ActiveCfg = Debug|Any CPU
		{705A71EF-A613-4F3F-AFCF-0925E36BF327}.Debug|x86.ActiveCfg = Debug|x86
		{705A71EF-A613-4F3F-AFCF-0925E36BF327}.Debug|x86.Build.0 = Debug|x86
		{705A71EF-A613-4F3F-AFCF-0925E36BF327}.Demo|Any CPU.ActiveCfg = Debug|Any CPU
		{705A71EF-A613-4F3F-AFCF-0925E36BF327}.Demo|Any CPU.Build.0 = Debug|Any CPU
		{705A71EF-A613-4F3F-AFCF-0925E36BF327}.Demo|Mixed Platforms.ActiveCfg = Debug|x86
		{705A71EF-A613-4F3F-AFCF-0925E36BF327}.Demo|Mixed Platforms.Build.0 = Debug|x86
		{705A71EF-A613-4F3F-AFCF-0925E36BF327}.Demo|x64.ActiveCfg = Debug|Any CPU
		{705A71EF-A613-4F3F-AFCF-0925E36BF327}.Demo|x86.ActiveCfg = Debug|Any CPU
		{705A71EF-A613-4F3F-AFCF-0925E36BF327}.Release|Any CPU.ActiveCfg = Release|Any CPU
		{705A71EF-A613-4F3F-AFCF-0925E36BF327}.Release|Any CPU.Build.0 = Release|Any CPU
		{705A71EF-A613-4F3F-AFCF-0925E36BF327}.Release|Mixed Platforms.ActiveCfg = Release|x86
		{705A71EF-A613-4F3F-AFCF-0925E36BF327}.Release|Mixed Platforms.Build.0 = Release|x86
		{705A71EF-A613-4F3F-AFCF-0925E36BF327}.Release|x64.ActiveCfg = Release|Any CPU
		{705A71EF-A613-4F3F-AFCF-0925E36BF327}.Release|x86.ActiveCfg = Release|x86
		{705A71EF-A613-4F3F-AFCF-0925E36BF327}.Release|x86.Build.0 = Release|x86
	EndGlobalSection
	GlobalSection(SolutionProperties) = preSolution
		HideSolutionNode = FALSE
	EndGlobalSection
	GlobalSection(ExtensibilityGlobals) = postSolution
		SolutionGuid = {D5207C37-8492-4B91-96F1-BCCE45CE7DC8}
	EndGlobalSection
	GlobalSection(SubversionScc) = preSolution
		Svn-Managed = True
		Manager = AnkhSVN - Subversion Support for Visual Studio
	EndGlobalSection
EndGlobal
